
Microsoft Visual Studio Solution File, Format Version 12.00
# Visual Studio Version 17
VisualStudioVersion = 17.2.32630.192
MinimumVisualStudioVersion = 10.0.40219.1
Project("{FAE04EC0-301F-11D3-BF4B-00C04F79EFBC}") = "BlazorApp3.Server", "BlazorApp3\Server\BlazorApp3.Server.csproj", "{D4B4E3D3-D3B0-4088-AF81-52674973AFF3}"
EndProject
Project("{FAE04EC0-301F-11D3-BF4B-00C04F79EFBC}") = "BlazorApp3.Client", "BlazorApp3\Client\BlazorApp3.Client.csproj", "{7ECDFAE6-2F75-4A12-A180-03A35716C2E8}"
EndProject
Project("{FAE04EC0-301F-11D3-BF4B-00C04F79EFBC}") = "BlazorApp3.Shared", "BlazorApp3\Shared\BlazorApp3.Shared.csproj", "{FD9C63CE-68FB-40CE-867A-C5CD5D38C972}"
EndProject
Global
	GlobalSection(SolutionConfigurationPlatforms) = preSolution
		Debug|Any CPU = Debug|Any CPU
		Release|Any CPU = Release|Any CPU
	EndGlobalSection
	GlobalSection(ProjectConfigurationPlatforms) = postSolution
		{D4B4E3D3-D3B0-4088-AF81-52674973AFF3}.Debug|Any CPU.ActiveCfg = Debug|Any CPU
		{D4B4E3D3-D3B0-4088-AF81-52674973AFF3}.Debug|Any CPU.Build.0 = Debug|Any CPU
		{D4B4E3D3-D3B0-4088-AF81-52674973AFF3}.Release|Any CPU.ActiveCfg = Release|Any CPU
		{D4B4E3D3-D3B0-4088-AF81-52674973AFF3}.Release|Any CPU.Build.0 = Release|Any CPU
		{7ECDFAE6-2F75-4A12-A180-03A35716C2E8}.Debug|Any CPU.ActiveCfg = Debug|Any CPU
		{7ECDFAE6-2F75-4A12-A180-03A35716C2E8}.Debug|Any CPU.Build.0 = Debug|Any CPU
		{7ECDFAE6-2F75-4A12-A180-03A35716C2E8}.Release|Any CPU.ActiveCfg = Release|Any CPU
		{7ECDFAE6-2F75-4A12-A180-03A35716C2E8}.Release|Any CPU.Build.0 = Release|Any CPU
		{FD9C63CE-68FB-40CE-867A-C5CD5D38C972}.Debug|Any CPU.ActiveCfg = Debug|Any CPU
		{FD9C63CE-68FB-40CE-867A-C5CD5D38C972}.Debug|Any CPU.Build.0 = Debug|Any CPU
		{FD9C63CE-68FB-40CE-867A-C5CD5D38C972}.Release|Any CPU.ActiveCfg = Release|Any CPU
		{FD9C63CE-68FB-40CE-867A-C5CD5D38C972}.Release|Any CPU.Build.0 = Release|Any CPU
	EndGlobalSection
	GlobalSection(SolutionProperties) = preSolution
		HideSolutionNode = FALSE
	EndGlobalSection
	GlobalSection(ExtensibilityGlobals) = postSolution
		SolutionGuid = {8E13308D-FC81-49AF-8DF4-B49EF550999D}
	EndGlobalSection
EndGlobal
